
Microsoft Visual Studio Solution File, Format Version 12.00
Project("{FAE04EC0-301F-11D3-BF4B-00C04F79EFBC}") = "Constructor-2", "Constructor-2\Constructor-2.csproj", "{EBCF01E6-9ADE-41E8-9E9F-FC66060BE5CA}"
EndProject
Global
	GlobalSection(SolutionConfigurationPlatforms) = preSolution
		Debug|Any CPU = Debug|Any CPU
		Release|Any CPU = Release|Any CPU
	EndGlobalSection
	GlobalSection(ProjectConfigurationPlatforms) = postSolution
		{EBCF01E6-9ADE-41E8-9E9F-FC66060BE5CA}.Debug|Any CPU.ActiveCfg = Debug|Any CPU
		{EBCF01E6-9ADE-41E8-9E9F-FC66060BE5CA}.Debug|Any CPU.Build.0 = Debug|Any CPU
		{EBCF01E6-9ADE-41E8-9E9F-FC66060BE5CA}.Release|Any CPU.ActiveCfg = Release|Any CPU
		{EBCF01E6-9ADE-41E8-9E9F-FC66060BE5CA}.Release|Any CPU.Build.0 = Release|Any CPU
	EndGlobalSection
EndGlobal
